<?xml version="1.0" encoding="utf-8"?>
<Project ToolsVersion="4.0" xmlns="http://schemas.microsoft.com/developer/msbuild/2003">
  <ItemGroup>
    <ClCompile Include="..\..\src\ballistica\app\app.cc">
      <Filter>ballistica\app</Filter>
    </ClCompile>
    <ClInclude Include="..\..\src\ballistica\app\app.h">
      <Filter>ballistica\app</Filter>
    </ClInclude>
    <ClCompile Include="..\..\src\ballistica\app\app_config.cc">
      <Filter>ballistica\app</Filter>
    </ClCompile>
    <ClInclude Include="..\..\src\ballistica\app\app_config.h">
      <Filter>ballistica\app</Filter>
    </ClInclude>
    <ClCompile Include="..\..\src\ballistica\app\app_globals.cc">
      <Filter>ballistica\app</Filter>
    </ClCompile>
    <ClInclude Include="..\..\src\ballistica\app\app_globals.h">
      <Filter>ballistica\app</Filter>
    </ClInclude>
    <ClCompile Include="..\..\src\ballistica\app\headless_app.cc">
      <Filter>ballistica\app</Filter>
    </ClCompile>
    <ClInclude Include="..\..\src\ballistica\app\headless_app.h">
      <Filter>ballistica\app</Filter>
    </ClInclude>
    <ClCompile Include="..\..\src\ballistica\app\stress_test.cc">
      <Filter>ballistica\app</Filter>
    </ClCompile>
    <ClInclude Include="..\..\src\ballistica\app\stress_test.h">
      <Filter>ballistica\app</Filter>
    </ClInclude>
    <ClCompile Include="..\..\src\ballistica\app\vr_app.cc">
      <Filter>ballistica\app</Filter>
    </ClCompile>
    <ClInclude Include="..\..\src\ballistica\app\vr_app.h">
      <Filter>ballistica\app</Filter>
    </ClInclude>
    <ClCompile Include="..\..\src\ballistica\audio\al_sys.cc">
      <Filter>ballistica\audio</Filter>
    </ClCompile>
    <ClInclude Include="..\..\src\ballistica\audio\al_sys.h">
      <Filter>ballistica\audio</Filter>
    </ClInclude>
    <ClCompile Include="..\..\src\ballistica\audio\audio.cc">
      <Filter>ballistica\audio</Filter>
    </ClCompile>
    <ClInclude Include="..\..\src\ballistica\audio\audio.h">
      <Filter>ballistica\audio</Filter>
    </ClInclude>
    <ClCompile Include="..\..\src\ballistica\audio\audio_server.cc">
      <Filter>ballistica\audio</Filter>
    </ClCompile>
    <ClInclude Include="..\..\src\ballistica\audio\audio_server.h">
      <Filter>ballistica\audio</Filter>
    </ClInclude>
    <ClCompile Include="..\..\src\ballistica\audio\audio_source.cc">
      <Filter>ballistica\audio</Filter>
    </ClCompile>
    <ClInclude Include="..\..\src\ballistica\audio\audio_source.h">
      <Filter>ballistica\audio</Filter>
    </ClInclude>
    <ClCompile Include="..\..\src\ballistica\audio\audio_streamer.cc">
      <Filter>ballistica\audio</Filter>
    </ClCompile>
    <ClInclude Include="..\..\src\ballistica\audio\audio_streamer.h">
      <Filter>ballistica\audio</Filter>
    </ClInclude>
    <ClCompile Include="..\..\src\ballistica\audio\ogg_stream.cc">
      <Filter>ballistica\audio</Filter>
    </ClCompile>
    <ClInclude Include="..\..\src\ballistica\audio\ogg_stream.h">
      <Filter>ballistica\audio</Filter>
    </ClInclude>
    <ClCompile Include="..\..\src\ballistica\ballistica.cc">
      <Filter>ballistica</Filter>
    </ClCompile>
    <ClInclude Include="..\..\src\ballistica\ballistica.h">
      <Filter>ballistica</Filter>
    </ClInclude>
    <ClInclude Include="..\..\src\ballistica\config\config_cmake.h">
      <Filter>ballistica\config</Filter>
    </ClInclude>
    <ClInclude Include="..\..\src\ballistica\config\config_common.h">
      <Filter>ballistica\config</Filter>
    </ClInclude>
    <ClInclude Include="..\..\src\ballistica\config\config_windows_common.h">
      <Filter>ballistica\config</Filter>
    </ClInclude>
    <ClInclude Include="..\..\src\ballistica\config\config_windows_generic.h">
      <Filter>ballistica\config</Filter>
    </ClInclude>
    <ClInclude Include="..\..\src\ballistica\config\config_windows_headless.h">
      <Filter>ballistica\config</Filter>
    </ClInclude>
    <ClCompile Include="..\..\src\ballistica\core\context.cc">
      <Filter>ballistica\core</Filter>
    </ClCompile>
    <ClInclude Include="..\..\src\ballistica\core\context.h">
      <Filter>ballistica\core</Filter>
    </ClInclude>
    <ClCompile Include="..\..\src\ballistica\core\exception.cc">
      <Filter>ballistica\core</Filter>
    </ClCompile>
    <ClInclude Include="..\..\src\ballistica\core\exception.h">
      <Filter>ballistica\core</Filter>
    </ClInclude>
    <ClCompile Include="..\..\src\ballistica\core\fatal_error.cc">
      <Filter>ballistica\core</Filter>
    </ClCompile>
    <ClInclude Include="..\..\src\ballistica\core\fatal_error.h">
      <Filter>ballistica\core</Filter>
    </ClInclude>
    <ClCompile Include="..\..\src\ballistica\core\inline.cc">
      <Filter>ballistica\core</Filter>
    </ClCompile>
    <ClInclude Include="..\..\src\ballistica\core\inline.h">
      <Filter>ballistica\core</Filter>
    </ClInclude>
    <ClCompile Include="..\..\src\ballistica\core\logging.cc">
      <Filter>ballistica\core</Filter>
    </ClCompile>
    <ClInclude Include="..\..\src\ballistica\core\logging.h">
      <Filter>ballistica\core</Filter>
    </ClInclude>
    <ClCompile Include="..\..\src\ballistica\core\macros.cc">
      <Filter>ballistica\core</Filter>
    </ClCompile>
    <ClInclude Include="..\..\src\ballistica\core\macros.h">
      <Filter>ballistica\core</Filter>
    </ClInclude>
    <ClCompile Include="..\..\src\ballistica\core\module.cc">
      <Filter>ballistica\core</Filter>
    </ClCompile>
    <ClInclude Include="..\..\src\ballistica\core\module.h">
      <Filter>ballistica\core</Filter>
    </ClInclude>
    <ClCompile Include="..\..\src\ballistica\core\object.cc">
      <Filter>ballistica\core</Filter>
    </ClCompile>
    <ClInclude Include="..\..\src\ballistica\core\object.h">
      <Filter>ballistica\core</Filter>
    </ClInclude>
    <ClCompile Include="..\..\src\ballistica\core\thread.cc">
      <Filter>ballistica\core</Filter>
    </ClCompile>
    <ClInclude Include="..\..\src\ballistica\core\thread.h">
      <Filter>ballistica\core</Filter>
    </ClInclude>
    <ClInclude Include="..\..\src\ballistica\core\types.h">
      <Filter>ballistica\core</Filter>
    </ClInclude>
    <ClCompile Include="..\..\src\ballistica\dynamics\bg\bg_dynamics.cc">
      <Filter>ballistica\dynamics\bg</Filter>
    </ClCompile>
    <ClInclude Include="..\..\src\ballistica\dynamics\bg\bg_dynamics.h">
      <Filter>ballistica\dynamics\bg</Filter>
    </ClInclude>
    <ClInclude Include="..\..\src\ballistica\dynamics\bg\bg_dynamics_draw_snapshot.h">
      <Filter>ballistica\dynamics\bg</Filter>
    </ClInclude>
    <ClCompile Include="..\..\src\ballistica\dynamics\bg\bg_dynamics_fuse.cc">
      <Filter>ballistica\dynamics\bg</Filter>
    </ClCompile>
    <ClInclude Include="..\..\src\ballistica\dynamics\bg\bg_dynamics_fuse.h">
      <Filter>ballistica\dynamics\bg</Filter>
    </ClInclude>
    <ClInclude Include="..\..\src\ballistica\dynamics\bg\bg_dynamics_fuse_data.h">
      <Filter>ballistica\dynamics\bg</Filter>
    </ClInclude>
    <ClCompile Include="..\..\src\ballistica\dynamics\bg\bg_dynamics_height_cache.cc">
      <Filter>ballistica\dynamics\bg</Filter>
    </ClCompile>
    <ClInclude Include="..\..\src\ballistica\dynamics\bg\bg_dynamics_height_cache.h">
      <Filter>ballistica\dynamics\bg</Filter>
    </ClInclude>
    <ClCompile Include="..\..\src\ballistica\dynamics\bg\bg_dynamics_server.cc">
      <Filter>ballistica\dynamics\bg</Filter>
    </ClCompile>
    <ClInclude Include="..\..\src\ballistica\dynamics\bg\bg_dynamics_server.h">
      <Filter>ballistica\dynamics\bg</Filter>
    </ClInclude>
    <ClCompile Include="..\..\src\ballistica\dynamics\bg\bg_dynamics_shadow.cc">
      <Filter>ballistica\dynamics\bg</Filter>
    </ClCompile>
    <ClInclude Include="..\..\src\ballistica\dynamics\bg\bg_dynamics_shadow.h">
      <Filter>ballistica\dynamics\bg</Filter>
    </ClInclude>
    <ClInclude Include="..\..\src\ballistica\dynamics\bg\bg_dynamics_shadow_data.h">
      <Filter>ballistica\dynamics\bg</Filter>
    </ClInclude>
    <ClCompile Include="..\..\src\ballistica\dynamics\bg\bg_dynamics_volume_light.cc">
      <Filter>ballistica\dynamics\bg</Filter>
    </ClCompile>
    <ClInclude Include="..\..\src\ballistica\dynamics\bg\bg_dynamics_volume_light.h">
      <Filter>ballistica\dynamics\bg</Filter>
    </ClInclude>
    <ClInclude Include="..\..\src\ballistica\dynamics\bg\bg_dynamics_volume_light_data.h">
      <Filter>ballistica\dynamics\bg</Filter>
    </ClInclude>
    <ClInclude Include="..\..\src\ballistica\dynamics\collision.h">
      <Filter>ballistica\dynamics</Filter>
    </ClInclude>
    <ClCompile Include="..\..\src\ballistica\dynamics\collision_cache.cc">
      <Filter>ballistica\dynamics</Filter>
    </ClCompile>
    <ClInclude Include="..\..\src\ballistica\dynamics\collision_cache.h">
      <Filter>ballistica\dynamics</Filter>
    </ClInclude>
    <ClCompile Include="..\..\src\ballistica\dynamics\dynamics.cc">
      <Filter>ballistica\dynamics</Filter>
    </ClCompile>
    <ClInclude Include="..\..\src\ballistica\dynamics\dynamics.h">
      <Filter>ballistica\dynamics</Filter>
    </ClInclude>
    <ClCompile Include="..\..\src\ballistica\dynamics\material\impact_sound_material_action.cc">
      <Filter>ballistica\dynamics\material</Filter>
    </ClCompile>
    <ClInclude Include="..\..\src\ballistica\dynamics\material\impact_sound_material_action.h">
      <Filter>ballistica\dynamics\material</Filter>
    </ClInclude>
    <ClCompile Include="..\..\src\ballistica\dynamics\material\material.cc">
      <Filter>ballistica\dynamics\material</Filter>
    </ClCompile>
    <ClInclude Include="..\..\src\ballistica\dynamics\material\material.h">
      <Filter>ballistica\dynamics\material</Filter>
    </ClInclude>
    <ClInclude Include="..\..\src\ballistica\dynamics\material\material_action.h">
      <Filter>ballistica\dynamics\material</Filter>
    </ClInclude>
    <ClCompile Include="..\..\src\ballistica\dynamics\material\material_component.cc">
      <Filter>ballistica\dynamics\material</Filter>
    </ClCompile>
    <ClInclude Include="..\..\src\ballistica\dynamics\material\material_component.h">
      <Filter>ballistica\dynamics\material</Filter>
    </ClInclude>
    <ClCompile Include="..\..\src\ballistica\dynamics\material\material_condition_node.cc">
      <Filter>ballistica\dynamics\material</Filter>
    </ClCompile>
    <ClInclude Include="..\..\src\ballistica\dynamics\material\material_condition_node.h">
      <Filter>ballistica\dynamics\material</Filter>
    </ClInclude>
    <ClCompile Include="..\..\src\ballistica\dynamics\material\material_context.cc">
      <Filter>ballistica\dynamics\material</Filter>
    </ClCompile>
    <ClInclude Include="..\..\src\ballistica\dynamics\material\material_context.h">
      <Filter>ballistica\dynamics\material</Filter>
    </ClInclude>
    <ClCompile Include="..\..\src\ballistica\dynamics\material\node_message_material_action.cc">
      <Filter>ballistica\dynamics\material</Filter>
    </ClCompile>
    <ClInclude Include="..\..\src\ballistica\dynamics\material\node_message_material_action.h">
      <Filter>ballistica\dynamics\material</Filter>
    </ClInclude>
    <ClCompile Include="..\..\src\ballistica\dynamics\material\node_mod_material_action.cc">
      <Filter>ballistica\dynamics\material</Filter>
    </ClCompile>
    <ClInclude Include="..\..\src\ballistica\dynamics\material\node_mod_material_action.h">
      <Filter>ballistica\dynamics\material</Filter>
    </ClInclude>
    <ClCompile Include="..\..\src\ballistica\dynamics\material\node_user_message_material_action.cc">
      <Filter>ballistica\dynamics\material</Filter>
    </ClCompile>
    <ClInclude Include="..\..\src\ballistica\dynamics\material\node_user_message_material_action.h">
      <Filter>ballistica\dynamics\material</Filter>
    </ClInclude>
    <ClCompile Include="..\..\src\ballistica\dynamics\material\part_mod_material_action.cc">
      <Filter>ballistica\dynamics\material</Filter>
    </ClCompile>
    <ClInclude Include="..\..\src\ballistica\dynamics\material\part_mod_material_action.h">
      <Filter>ballistica\dynamics\material</Filter>
    </ClInclude>
    <ClCompile Include="..\..\src\ballistica\dynamics\material\python_call_material_action.cc">
      <Filter>ballistica\dynamics\material</Filter>
    </ClCompile>
    <ClInclude Include="..\..\src\ballistica\dynamics\material\python_call_material_action.h">
      <Filter>ballistica\dynamics\material</Filter>
    </ClInclude>
    <ClCompile Include="..\..\src\ballistica\dynamics\material\roll_sound_material_action.cc">
      <Filter>ballistica\dynamics\material</Filter>
    </ClCompile>
    <ClInclude Include="..\..\src\ballistica\dynamics\material\roll_sound_material_action.h">
      <Filter>ballistica\dynamics\material</Filter>
    </ClInclude>
    <ClCompile Include="..\..\src\ballistica\dynamics\material\skid_sound_material_action.cc">
      <Filter>ballistica\dynamics\material</Filter>
    </ClCompile>
    <ClInclude Include="..\..\src\ballistica\dynamics\material\skid_sound_material_action.h">
      <Filter>ballistica\dynamics\material</Filter>
    </ClInclude>
    <ClCompile Include="..\..\src\ballistica\dynamics\material\sound_material_action.cc">
      <Filter>ballistica\dynamics\material</Filter>
    </ClCompile>
    <ClInclude Include="..\..\src\ballistica\dynamics\material\sound_material_action.h">
      <Filter>ballistica\dynamics\material</Filter>
    </ClInclude>
    <ClCompile Include="..\..\src\ballistica\dynamics\part.cc">
      <Filter>ballistica\dynamics</Filter>
    </ClCompile>
    <ClInclude Include="..\..\src\ballistica\dynamics\part.h">
      <Filter>ballistica\dynamics</Filter>
    </ClInclude>
    <ClCompile Include="..\..\src\ballistica\dynamics\rigid_body.cc">
      <Filter>ballistica\dynamics</Filter>
    </ClCompile>
    <ClInclude Include="..\..\src\ballistica\dynamics\rigid_body.h">
      <Filter>ballistica\dynamics</Filter>
    </ClInclude>
    <ClInclude Include="..\..\src\ballistica\game\account.h">
      <Filter>ballistica\game</Filter>
    </ClInclude>
    <ClInclude Include="..\..\src\ballistica\game\client_controller_interface.h">
      <Filter>ballistica\game</Filter>
    </ClInclude>
    <ClCompile Include="..\..\src\ballistica\game\connection\connection.cc">
      <Filter>ballistica\game\connection</Filter>
    </ClCompile>
    <ClInclude Include="..\..\src\ballistica\game\connection\connection.h">
      <Filter>ballistica\game\connection</Filter>
    </ClInclude>
    <ClCompile Include="..\..\src\ballistica\game\connection\connection_set.cc">
      <Filter>ballistica\game\connection</Filter>
    </ClCompile>
    <ClInclude Include="..\..\src\ballistica\game\connection\connection_set.h">
      <Filter>ballistica\game\connection</Filter>
    </ClInclude>
    <ClCompile Include="..\..\src\ballistica\game\connection\connection_to_client.cc">
      <Filter>ballistica\game\connection</Filter>
    </ClCompile>
    <ClInclude Include="..\..\src\ballistica\game\connection\connection_to_client.h">
      <Filter>ballistica\game\connection</Filter>
    </ClInclude>
    <ClCompile Include="..\..\src\ballistica\game\connection\connection_to_client_udp.cc">
      <Filter>ballistica\game\connection</Filter>
    </ClCompile>
    <ClInclude Include="..\..\src\ballistica\game\connection\connection_to_client_udp.h">
      <Filter>ballistica\game\connection</Filter>
    </ClInclude>
    <ClCompile Include="..\..\src\ballistica\game\connection\connection_to_host.cc">
      <Filter>ballistica\game\connection</Filter>
    </ClCompile>
    <ClInclude Include="..\..\src\ballistica\game\connection\connection_to_host.h">
      <Filter>ballistica\game\connection</Filter>
    </ClInclude>
    <ClCompile Include="..\..\src\ballistica\game\connection\connection_to_host_udp.cc">
      <Filter>ballistica\game\connection</Filter>
    </ClCompile>
    <ClInclude Include="..\..\src\ballistica\game\connection\connection_to_host_udp.h">
      <Filter>ballistica\game\connection</Filter>
    </ClInclude>
    <ClInclude Include="..\..\src\ballistica\game\friend_score_set.h">
      <Filter>ballistica\game</Filter>
    </ClInclude>
    <ClCompile Include="..\..\src\ballistica\game\game.cc">
      <Filter>ballistica\game</Filter>
    </ClCompile>
    <ClInclude Include="..\..\src\ballistica\game\game.h">
      <Filter>ballistica\game</Filter>
    </ClInclude>
    <ClInclude Include="..\..\src\ballistica\game\game_stream.h">
      <Filter>ballistica\game</Filter>
    </ClInclude>
    <ClCompile Include="..\..\src\ballistica\game\host_activity.cc">
      <Filter>ballistica\game</Filter>
    </ClCompile>
    <ClInclude Include="..\..\src\ballistica\game\host_activity.h">
      <Filter>ballistica\game</Filter>
    </ClInclude>
    <ClCompile Include="..\..\src\ballistica\game\player.cc">
      <Filter>ballistica\game</Filter>
    </ClCompile>
    <ClInclude Include="..\..\src\ballistica\game\player.h">
      <Filter>ballistica\game</Filter>
    </ClInclude>
    <ClCompile Include="..\..\src\ballistica\game\player_spec.cc">
      <Filter>ballistica\game</Filter>
    </ClCompile>
    <ClInclude Include="..\..\src\ballistica\game\player_spec.h">
      <Filter>ballistica\game</Filter>
    </ClInclude>
    <ClInclude Include="..\..\src\ballistica\game\score_to_beat.h">
      <Filter>ballistica\game</Filter>
    </ClInclude>
    <ClInclude Include="..\..\src\ballistica\game\session\client_session.h">
      <Filter>ballistica\game\session</Filter>
    </ClInclude>
    <ClInclude Include="..\..\src\ballistica\game\session\host_session.h">
      <Filter>ballistica\game\session</Filter>
    </ClInclude>
    <ClInclude Include="..\..\src\ballistica\game\session\net_client_session.h">
      <Filter>ballistica\game\session</Filter>
    </ClInclude>
    <ClInclude Include="..\..\src\ballistica\game\session\replay_client_session.h">
      <Filter>ballistica\game\session</Filter>
    </ClInclude>
    <ClInclude Include="..\..\src\ballistica\game\session\session.h">
      <Filter>ballistica\game\session</Filter>
    </ClInclude>
    <ClCompile Include="..\..\src\ballistica\generic\base64.cc">
      <Filter>ballistica\generic</Filter>
    </ClCompile>
    <ClInclude Include="..\..\src\ballistica\generic\base64.h">
      <Filter>ballistica\generic</Filter>
    </ClInclude>
    <ClInclude Include="..\..\src\ballistica\generic\buffer.h">
      <Filter>ballistica\generic</Filter>
    </ClInclude>
    <ClCompile Include="..\..\src\ballistica\generic\huffman.cc">
      <Filter>ballistica\generic</Filter>
    </ClCompile>
    <ClInclude Include="..\..\src\ballistica\generic\huffman.h">
      <Filter>ballistica\generic</Filter>
    </ClInclude>
    <ClCompile Include="..\..\src\ballistica\generic\json.cc">
      <Filter>ballistica\generic</Filter>
    </ClCompile>
    <ClInclude Include="..\..\src\ballistica\generic\json.h">
      <Filter>ballistica\generic</Filter>
    </ClInclude>
    <ClInclude Include="..\..\src\ballistica\generic\lambda_runnable.h">
      <Filter>ballistica\generic</Filter>
    </ClInclude>
    <ClInclude Include="..\..\src\ballistica\generic\real_timer.h">
      <Filter>ballistica\generic</Filter>
    </ClInclude>
    <ClCompile Include="..\..\src\ballistica\generic\runnable.cc">
      <Filter>ballistica\generic</Filter>
    </ClCompile>
    <ClInclude Include="..\..\src\ballistica\generic\runnable.h">
      <Filter>ballistica\generic</Filter>
    </ClInclude>
    <ClCompile Include="..\..\src\ballistica\generic\timer.cc">
      <Filter>ballistica\generic</Filter>
    </ClCompile>
    <ClInclude Include="..\..\src\ballistica\generic\timer.h">
      <Filter>ballistica\generic</Filter>
    </ClInclude>
    <ClCompile Include="..\..\src\ballistica\generic\timer_list.cc">
      <Filter>ballistica\generic</Filter>
    </ClCompile>
    <ClInclude Include="..\..\src\ballistica\generic\timer_list.h">
      <Filter>ballistica\generic</Filter>
    </ClInclude>
    <ClCompile Include="..\..\src\ballistica\generic\utf8.cc">
      <Filter>ballistica\generic</Filter>
    </ClCompile>
    <ClInclude Include="..\..\src\ballistica\generic\utf8.h">
      <Filter>ballistica\generic</Filter>
    </ClInclude>
    <ClCompile Include="..\..\src\ballistica\generic\utils.cc">
      <Filter>ballistica\generic</Filter>
    </ClCompile>
    <ClInclude Include="..\..\src\ballistica\generic\utils.h">
      <Filter>ballistica\generic</Filter>
    </ClInclude>
    <ClCompile Include="..\..\src\ballistica\graphics\area_of_interest.cc">
      <Filter>ballistica\graphics</Filter>
    </ClCompile>
    <ClInclude Include="..\..\src\ballistica\graphics\area_of_interest.h">
      <Filter>ballistica\graphics</Filter>
    </ClInclude>
    <ClCompile Include="..\..\src\ballistica\graphics\camera.cc">
      <Filter>ballistica\graphics</Filter>
    </ClCompile>
    <ClInclude Include="..\..\src\ballistica\graphics\camera.h">
      <Filter>ballistica\graphics</Filter>
    </ClInclude>
    <ClInclude Include="..\..\src\ballistica\graphics\component\empty_component.h">
      <Filter>ballistica\graphics\component</Filter>
    </ClInclude>
    <ClCompile Include="..\..\src\ballistica\graphics\component\object_component.cc">
      <Filter>ballistica\graphics\component</Filter>
    </ClCompile>
    <ClInclude Include="..\..\src\ballistica\graphics\component\object_component.h">
      <Filter>ballistica\graphics\component</Filter>
    </ClInclude>
    <ClCompile Include="..\..\src\ballistica\graphics\component\post_process_component.cc">
      <Filter>ballistica\graphics\component</Filter>
    </ClCompile>
    <ClInclude Include="..\..\src\ballistica\graphics\component\post_process_component.h">
      <Filter>ballistica\graphics\component</Filter>
    </ClInclude>
    <ClCompile Include="..\..\src\ballistica\graphics\component\render_component.cc">
      <Filter>ballistica\graphics\component</Filter>
    </ClCompile>
    <ClInclude Include="..\..\src\ballistica\graphics\component\render_component.h">
      <Filter>ballistica\graphics\component</Filter>
    </ClInclude>
    <ClCompile Include="..\..\src\ballistica\graphics\component\shield_component.cc">
      <Filter>ballistica\graphics\component</Filter>
    </ClCompile>
    <ClInclude Include="..\..\src\ballistica\graphics\component\shield_component.h">
      <Filter>ballistica\graphics\component</Filter>
    </ClInclude>
    <ClCompile Include="..\..\src\ballistica\graphics\component\simple_component.cc">
      <Filter>ballistica\graphics\component</Filter>
    </ClCompile>
    <ClInclude Include="..\..\src\ballistica\graphics\component\simple_component.h">
      <Filter>ballistica\graphics\component</Filter>
    </ClInclude>
    <ClCompile Include="..\..\src\ballistica\graphics\component\smoke_component.cc">
      <Filter>ballistica\graphics\component</Filter>
    </ClCompile>
    <ClInclude Include="..\..\src\ballistica\graphics\component\smoke_component.h">
      <Filter>ballistica\graphics\component</Filter>
    </ClInclude>
    <ClCompile Include="..\..\src\ballistica\graphics\component\special_component.cc">
      <Filter>ballistica\graphics\component</Filter>
    </ClCompile>
    <ClInclude Include="..\..\src\ballistica\graphics\component\special_component.h">
      <Filter>ballistica\graphics\component</Filter>
    </ClInclude>
    <ClCompile Include="..\..\src\ballistica\graphics\component\sprite_component.cc">
      <Filter>ballistica\graphics\component</Filter>
    </ClCompile>
    <ClInclude Include="..\..\src\ballistica\graphics\component\sprite_component.h">
      <Filter>ballistica\graphics\component</Filter>
    </ClInclude>
    <ClCompile Include="..\..\src\ballistica\graphics\frame_def.cc">
      <Filter>ballistica\graphics</Filter>
    </ClCompile>
    <ClInclude Include="..\..\src\ballistica\graphics\frame_def.h">
      <Filter>ballistica\graphics</Filter>
    </ClInclude>
    <ClInclude Include="..\..\src\ballistica\graphics\framebuffer.h">
      <Filter>ballistica\graphics</Filter>
    </ClInclude>
    <ClCompile Include="..\..\src\ballistica\graphics\gl\gl_sys.cc">
      <Filter>ballistica\graphics\gl</Filter>
    </ClCompile>
    <ClInclude Include="..\..\src\ballistica\graphics\gl\gl_sys.h">
      <Filter>ballistica\graphics\gl</Filter>
    </ClInclude>
    <ClCompile Include="..\..\src\ballistica\graphics\gl\renderer_gl.cc">
      <Filter>ballistica\graphics\gl</Filter>
    </ClCompile>
    <ClInclude Include="..\..\src\ballistica\graphics\gl\renderer_gl.h">
      <Filter>ballistica\graphics\gl</Filter>
    </ClInclude>
    <ClCompile Include="..\..\src\ballistica\graphics\graphics.cc">
      <Filter>ballistica\graphics</Filter>
    </ClCompile>
    <ClInclude Include="..\..\src\ballistica\graphics\graphics.h">
      <Filter>ballistica\graphics</Filter>
    </ClInclude>
    <ClCompile Include="..\..\src\ballistica\graphics\graphics_server.cc">
      <Filter>ballistica\graphics</Filter>
    </ClCompile>
    <ClInclude Include="..\..\src\ballistica\graphics\graphics_server.h">
      <Filter>ballistica\graphics</Filter>
    </ClInclude>
    <ClCompile Include="..\..\src\ballistica\graphics\mesh\image_mesh.cc">
      <Filter>ballistica\graphics\mesh</Filter>
    </ClCompile>
    <ClInclude Include="..\..\src\ballistica\graphics\mesh\image_mesh.h">
      <Filter>ballistica\graphics\mesh</Filter>
    </ClInclude>
    <ClInclude Include="..\..\src\ballistica\graphics\mesh\mesh.h">
      <Filter>ballistica\graphics\mesh</Filter>
    </ClInclude>
    <ClInclude Include="..\..\src\ballistica\graphics\mesh\mesh_buffer.h">
      <Filter>ballistica\graphics\mesh</Filter>
    </ClInclude>
    <ClInclude Include="..\..\src\ballistica\graphics\mesh\mesh_buffer_base.h">
      <Filter>ballistica\graphics\mesh</Filter>
    </ClInclude>
    <ClInclude Include="..\..\src\ballistica\graphics\mesh\mesh_buffer_vertex_simple_full.h">
      <Filter>ballistica\graphics\mesh</Filter>
    </ClInclude>
    <ClInclude Include="..\..\src\ballistica\graphics\mesh\mesh_buffer_vertex_smoke_full.h">
      <Filter>ballistica\graphics\mesh</Filter>
    </ClInclude>
    <ClInclude Include="..\..\src\ballistica\graphics\mesh\mesh_buffer_vertex_sprite.h">
      <Filter>ballistica\graphics\mesh</Filter>
    </ClInclude>
    <ClCompile Include="..\..\src\ballistica\graphics\mesh\mesh_data.cc">
      <Filter>ballistica\graphics\mesh</Filter>
    </ClCompile>
    <ClInclude Include="..\..\src\ballistica\graphics\mesh\mesh_data.h">
      <Filter>ballistica\graphics\mesh</Filter>
    </ClInclude>
    <ClCompile Include="..\..\src\ballistica\graphics\mesh\mesh_data_client_handle.cc">
      <Filter>ballistica\graphics\mesh</Filter>
    </ClCompile>
    <ClInclude Include="..\..\src\ballistica\graphics\mesh\mesh_data_client_handle.h">
      <Filter>ballistica\graphics\mesh</Filter>
    </ClInclude>
    <ClInclude Include="..\..\src\ballistica\graphics\mesh\mesh_index_buffer_16.h">
      <Filter>ballistica\graphics\mesh</Filter>
    </ClInclude>
    <ClInclude Include="..\..\src\ballistica\graphics\mesh\mesh_index_buffer_32.h">
      <Filter>ballistica\graphics\mesh</Filter>
    </ClInclude>
    <ClInclude Include="..\..\src\ballistica\graphics\mesh\mesh_indexed.h">
      <Filter>ballistica\graphics\mesh</Filter>
    </ClInclude>
    <ClInclude Include="..\..\src\ballistica\graphics\mesh\mesh_indexed_base.h">
      <Filter>ballistica\graphics\mesh</Filter>
    </ClInclude>
    <ClInclude Include="..\..\src\ballistica\graphics\mesh\mesh_indexed_dual_texture_full.h">
      <Filter>ballistica\graphics\mesh</Filter>
    </ClInclude>
    <ClInclude Include="..\..\src\ballistica\graphics\mesh\mesh_indexed_object_split.h">
      <Filter>ballistica\graphics\mesh</Filter>
    </ClInclude>
    <ClInclude Include="..\..\src\ballistica\graphics\mesh\mesh_indexed_simple_full.h">
      <Filter>ballistica\graphics\mesh</Filter>
    </ClInclude>
    <ClInclude Include="..\..\src\ballistica\graphics\mesh\mesh_indexed_simple_split.h">
      <Filter>ballistica\graphics\mesh</Filter>
    </ClInclude>
    <ClInclude Include="..\..\src\ballistica\graphics\mesh\mesh_indexed_smoke_full.h">
      <Filter>ballistica\graphics\mesh</Filter>
    </ClInclude>
    <ClInclude Include="..\..\src\ballistica\graphics\mesh\mesh_indexed_static_dynamic.h">
      <Filter>ballistica\graphics\mesh</Filter>
    </ClInclude>
    <ClInclude Include="..\..\src\ballistica\graphics\mesh\mesh_non_indexed.h">
      <Filter>ballistica\graphics\mesh</Filter>
    </ClInclude>
    <ClInclude Include="..\..\src\ballistica\graphics\mesh\mesh_renderer_data.h">
      <Filter>ballistica\graphics\mesh</Filter>
    </ClInclude>
    <ClInclude Include="..\..\src\ballistica\graphics\mesh\sprite_mesh.h">
      <Filter>ballistica\graphics\mesh</Filter>
    </ClInclude>
    <ClCompile Include="..\..\src\ballistica\graphics\mesh\text_mesh.cc">
      <Filter>ballistica\graphics\mesh</Filter>
    </ClCompile>
    <ClInclude Include="..\..\src\ballistica\graphics\mesh\text_mesh.h">
      <Filter>ballistica\graphics\mesh</Filter>
    </ClInclude>
    <ClCompile Include="..\..\src\ballistica\graphics\net_graph.cc">
      <Filter>ballistica\graphics</Filter>
    </ClCompile>
    <ClInclude Include="..\..\src\ballistica\graphics\net_graph.h">
      <Filter>ballistica\graphics</Filter>
    </ClInclude>
    <ClInclude Include="..\..\src\ballistica\graphics\render_command_buffer.h">
      <Filter>ballistica\graphics</Filter>
    </ClInclude>
    <ClCompile Include="..\..\src\ballistica\graphics\render_pass.cc">
      <Filter>ballistica\graphics</Filter>
    </ClCompile>
    <ClInclude Include="..\..\src\ballistica\graphics\render_pass.h">
      <Filter>ballistica\graphics</Filter>
    </ClInclude>
    <ClCompile Include="..\..\src\ballistica\graphics\render_target.cc">
      <Filter>ballistica\graphics</Filter>
    </ClCompile>
    <ClInclude Include="..\..\src\ballistica\graphics\render_target.h">
      <Filter>ballistica\graphics</Filter>
    </ClInclude>
    <ClCompile Include="..\..\src\ballistica\graphics\renderer.cc">
      <Filter>ballistica\graphics</Filter>
    </ClCompile>
    <ClInclude Include="..\..\src\ballistica\graphics\renderer.h">
      <Filter>ballistica\graphics</Filter>
    </ClInclude>
    <ClInclude Include="..\..\src\ballistica\graphics\text\font_page_map_data.h">
      <Filter>ballistica\graphics\text</Filter>
    </ClInclude>
    <ClCompile Include="..\..\src\ballistica\graphics\text\text_graphics.cc">
      <Filter>ballistica\graphics\text</Filter>
    </ClCompile>
    <ClInclude Include="..\..\src\ballistica\graphics\text\text_graphics.h">
      <Filter>ballistica\graphics\text</Filter>
    </ClInclude>
    <ClCompile Include="..\..\src\ballistica\graphics\text\text_group.cc">
      <Filter>ballistica\graphics\text</Filter>
    </ClCompile>
    <ClInclude Include="..\..\src\ballistica\graphics\text\text_group.h">
      <Filter>ballistica\graphics\text</Filter>
    </ClInclude>
    <ClCompile Include="..\..\src\ballistica\graphics\text\text_packer.cc">
      <Filter>ballistica\graphics\text</Filter>
    </ClCompile>
    <ClInclude Include="..\..\src\ballistica\graphics\text\text_packer.h">
      <Filter>ballistica\graphics\text</Filter>
    </ClInclude>
    <ClCompile Include="..\..\src\ballistica\graphics\texture\dds.cc">
      <Filter>ballistica\graphics\texture</Filter>
    </ClCompile>
    <ClInclude Include="..\..\src\ballistica\graphics\texture\dds.h">
      <Filter>ballistica\graphics\texture</Filter>
    </ClInclude>
    <ClCompile Include="..\..\src\ballistica\graphics\texture\ktx.cc">
      <Filter>ballistica\graphics\texture</Filter>
    </ClCompile>
    <ClInclude Include="..\..\src\ballistica\graphics\texture\ktx.h">
      <Filter>ballistica\graphics\texture</Filter>
    </ClInclude>
    <ClCompile Include="..\..\src\ballistica\graphics\texture\pvr.cc">
      <Filter>ballistica\graphics\texture</Filter>
    </ClCompile>
    <ClInclude Include="..\..\src\ballistica\graphics\texture\pvr.h">
      <Filter>ballistica\graphics\texture</Filter>
    </ClInclude>
    <ClCompile Include="..\..\src\ballistica\graphics\vr_graphics.cc">
      <Filter>ballistica\graphics</Filter>
    </ClCompile>
    <ClInclude Include="..\..\src\ballistica\graphics\vr_graphics.h">
      <Filter>ballistica\graphics</Filter>
    </ClInclude>
    <ClCompile Include="..\..\src\ballistica\input\device\client_input_device.cc">
      <Filter>ballistica\input\device</Filter>
    </ClCompile>
    <ClInclude Include="..\..\src\ballistica\input\device\client_input_device.h">
      <Filter>ballistica\input\device</Filter>
    </ClInclude>
    <ClCompile Include="..\..\src\ballistica\input\device\input_device.cc">
      <Filter>ballistica\input\device</Filter>
    </ClCompile>
    <ClInclude Include="..\..\src\ballistica\input\device\input_device.h">
      <Filter>ballistica\input\device</Filter>
    </ClInclude>
    <ClCompile Include="..\..\src\ballistica\input\device\joystick.cc">
      <Filter>ballistica\input\device</Filter>
    </ClCompile>
    <ClInclude Include="..\..\src\ballistica\input\device\joystick.h">
      <Filter>ballistica\input\device</Filter>
    </ClInclude>
    <ClCompile Include="..\..\src\ballistica\input\device\keyboard_input.cc">
      <Filter>ballistica\input\device</Filter>
    </ClCompile>
    <ClInclude Include="..\..\src\ballistica\input\device\keyboard_input.h">
      <Filter>ballistica\input\device</Filter>
    </ClInclude>
    <ClCompile Include="..\..\src\ballistica\input\device\test_input.cc">
      <Filter>ballistica\input\device</Filter>
    </ClCompile>
    <ClInclude Include="..\..\src\ballistica\input\device\test_input.h">
      <Filter>ballistica\input\device</Filter>
    </ClInclude>
    <ClCompile Include="..\..\src\ballistica\input\device\touch_input.cc">
      <Filter>ballistica\input\device</Filter>
    </ClCompile>
    <ClInclude Include="..\..\src\ballistica\input\device\touch_input.h">
      <Filter>ballistica\input\device</Filter>
    </ClInclude>
    <ClCompile Include="..\..\src\ballistica\input\input.cc">
      <Filter>ballistica\input</Filter>
    </ClCompile>
    <ClInclude Include="..\..\src\ballistica\input\input.h">
      <Filter>ballistica\input</Filter>
    </ClInclude>
    <ClCompile Include="..\..\src\ballistica\input\remote_app.cc">
      <Filter>ballistica\input</Filter>
    </ClCompile>
    <ClInclude Include="..\..\src\ballistica\input\remote_app.h">
      <Filter>ballistica\input</Filter>
    </ClInclude>
    <ClCompile Include="..\..\src\ballistica\input\std_input_module.cc">
      <Filter>ballistica\input</Filter>
    </ClCompile>
    <ClInclude Include="..\..\src\ballistica\input\std_input_module.h">
      <Filter>ballistica\input</Filter>
    </ClInclude>
    <ClCompile Include="..\..\src\ballistica\math\matrix44f.cc">
      <Filter>ballistica\math</Filter>
    </ClCompile>
    <ClInclude Include="..\..\src\ballistica\math\matrix44f.h">
      <Filter>ballistica\math</Filter>
    </ClInclude>
    <ClInclude Include="..\..\src\ballistica\math\point2d.h">
      <Filter>ballistica\math</Filter>
    </ClInclude>
    <ClCompile Include="..\..\src\ballistica\math\random.cc">
      <Filter>ballistica\math</Filter>
    </ClCompile>
    <ClInclude Include="..\..\src\ballistica\math\random.h">
      <Filter>ballistica\math</Filter>
    </ClInclude>
    <ClInclude Include="..\..\src\ballistica\math\rect.h">
      <Filter>ballistica\math</Filter>
    </ClInclude>
    <ClInclude Include="..\..\src\ballistica\math\vector2f.h">
      <Filter>ballistica\math</Filter>
    </ClInclude>
    <ClCompile Include="..\..\src\ballistica\math\vector3f.cc">
      <Filter>ballistica\math</Filter>
    </ClCompile>
    <ClInclude Include="..\..\src\ballistica\math\vector3f.h">
      <Filter>ballistica\math</Filter>
    </ClInclude>
    <ClInclude Include="..\..\src\ballistica\math\vector4f.h">
      <Filter>ballistica\math</Filter>
    </ClInclude>
    <ClCompile Include="..\..\src\ballistica\media\component\collide_model.cc">
      <Filter>ballistica\media\component</Filter>
    </ClCompile>
    <ClInclude Include="..\..\src\ballistica\media\component\collide_model.h">
      <Filter>ballistica\media\component</Filter>
    </ClInclude>
    <ClCompile Include="..\..\src\ballistica\media\component\cube_map_texture.cc">
      <Filter>ballistica\media\component</Filter>
    </ClCompile>
    <ClInclude Include="..\..\src\ballistica\media\component\cube_map_texture.h">
      <Filter>ballistica\media\component</Filter>
    </ClInclude>
    <ClCompile Include="..\..\src\ballistica\media\component\data.cc">
      <Filter>ballistica\media\component</Filter>
    </ClCompile>
    <ClInclude Include="..\..\src\ballistica\media\component\data.h">
      <Filter>ballistica\media\component</Filter>
    </ClInclude>
    <ClCompile Include="..\..\src\ballistica\media\component\media_component.cc">
      <Filter>ballistica\media\component</Filter>
    </ClCompile>
    <ClInclude Include="..\..\src\ballistica\media\component\media_component.h">
      <Filter>ballistica\media\component</Filter>
    </ClInclude>
    <ClCompile Include="..\..\src\ballistica\media\component\model.cc">
      <Filter>ballistica\media\component</Filter>
    </ClCompile>
    <ClInclude Include="..\..\src\ballistica\media\component\model.h">
      <Filter>ballistica\media\component</Filter>
    </ClInclude>
    <ClCompile Include="..\..\src\ballistica\media\component\sound.cc">
      <Filter>ballistica\media\component</Filter>
    </ClCompile>
    <ClInclude Include="..\..\src\ballistica\media\component\sound.h">
      <Filter>ballistica\media\component</Filter>
    </ClInclude>
    <ClCompile Include="..\..\src\ballistica\media\component\texture.cc">
      <Filter>ballistica\media\component</Filter>
    </ClCompile>
    <ClInclude Include="..\..\src\ballistica\media\component\texture.h">
      <Filter>ballistica\media\component</Filter>
    </ClInclude>
    <ClCompile Include="..\..\src\ballistica\media\data\collide_model_data.cc">
      <Filter>ballistica\media\data</Filter>
    </ClCompile>
    <ClInclude Include="..\..\src\ballistica\media\data\collide_model_data.h">
      <Filter>ballistica\media\data</Filter>
    </ClInclude>
    <ClCompile Include="..\..\src\ballistica\media\data\data_data.cc">
      <Filter>ballistica\media\data</Filter>
    </ClCompile>
    <ClInclude Include="..\..\src\ballistica\media\data\data_data.h">
      <Filter>ballistica\media\data</Filter>
    </ClInclude>
    <ClCompile Include="..\..\src\ballistica\media\data\media_component_data.cc">
      <Filter>ballistica\media\data</Filter>
    </ClCompile>
    <ClInclude Include="..\..\src\ballistica\media\data\media_component_data.h">
      <Filter>ballistica\media\data</Filter>
    </ClInclude>
    <ClCompile Include="..\..\src\ballistica\media\data\model_data.cc">
      <Filter>ballistica\media\data</Filter>
    </ClCompile>
    <ClInclude Include="..\..\src\ballistica\media\data\model_data.h">
      <Filter>ballistica\media\data</Filter>
    </ClInclude>
    <ClInclude Include="..\..\src\ballistica\media\data\model_renderer_data.h">
      <Filter>ballistica\media\data</Filter>
    </ClInclude>
    <ClCompile Include="..\..\src\ballistica\media\data\sound_data.cc">
      <Filter>ballistica\media\data</Filter>
    </ClCompile>
    <ClInclude Include="..\..\src\ballistica\media\data\sound_data.h">
      <Filter>ballistica\media\data</Filter>
    </ClInclude>
    <ClCompile Include="..\..\src\ballistica\media\data\texture_data.cc">
      <Filter>ballistica\media\data</Filter>
    </ClCompile>
    <ClInclude Include="..\..\src\ballistica\media\data\texture_data.h">
      <Filter>ballistica\media\data</Filter>
    </ClInclude>
    <ClCompile Include="..\..\src\ballistica\media\data\texture_preload_data.cc">
      <Filter>ballistica\media\data</Filter>
    </ClCompile>
    <ClInclude Include="..\..\src\ballistica\media\data\texture_preload_data.h">
      <Filter>ballistica\media\data</Filter>
    </ClInclude>
    <ClInclude Include="..\..\src\ballistica\media\data\texture_renderer_data.h">
      <Filter>ballistica\media\data</Filter>
    </ClInclude>
    <ClCompile Include="..\..\src\ballistica\media\media.cc">
      <Filter>ballistica\media</Filter>
    </ClCompile>
    <ClInclude Include="..\..\src\ballistica\media\media.h">
      <Filter>ballistica\media</Filter>
    </ClInclude>
    <ClCompile Include="..\..\src\ballistica\media\media_server.cc">
      <Filter>ballistica\media</Filter>
    </ClCompile>
    <ClInclude Include="..\..\src\ballistica\media\media_server.h">
      <Filter>ballistica\media</Filter>
    </ClInclude>
    <ClCompile Include="..\..\src\ballistica\networking\network_reader.cc">
      <Filter>ballistica\networking</Filter>
    </ClCompile>
    <ClInclude Include="..\..\src\ballistica\networking\network_reader.h">
      <Filter>ballistica\networking</Filter>
    </ClInclude>
    <ClCompile Include="..\..\src\ballistica\networking\network_write_module.cc">
      <Filter>ballistica\networking</Filter>
    </ClCompile>
    <ClInclude Include="..\..\src\ballistica\networking\network_write_module.h">
      <Filter>ballistica\networking</Filter>
    </ClInclude>
    <ClCompile Include="..\..\src\ballistica\networking\networking.cc">
      <Filter>ballistica\networking</Filter>
    </ClCompile>
    <ClInclude Include="..\..\src\ballistica\networking\networking.h">
      <Filter>ballistica\networking</Filter>
    </ClInclude>
    <ClInclude Include="..\..\src\ballistica\networking\networking_sys.h">
      <Filter>ballistica\networking</Filter>
    </ClInclude>
    <ClCompile Include="..\..\src\ballistica\networking\sockaddr.cc">
      <Filter>ballistica\networking</Filter>
    </ClCompile>
    <ClInclude Include="..\..\src\ballistica\networking\sockaddr.h">
      <Filter>ballistica\networking</Filter>
    </ClInclude>
    <ClCompile Include="..\..\src\ballistica\networking\telnet_server.cc">
      <Filter>ballistica\networking</Filter>
    </ClCompile>
    <ClInclude Include="..\..\src\ballistica\networking\telnet_server.h">
      <Filter>ballistica\networking</Filter>
    </ClInclude>
    <ClInclude Include="..\..\src\ballistica\platform\apple\platform_apple.h">
      <Filter>ballistica\platform\apple</Filter>
    </ClInclude>
    <ClCompile Include="..\..\src\ballistica\platform\linux\platform_linux.cc">
      <Filter>ballistica\platform\linux</Filter>
    </ClCompile>
    <ClInclude Include="..\..\src\ballistica\platform\linux\platform_linux.h">
      <Filter>ballistica\platform\linux</Filter>
    </ClInclude>
    <ClInclude Include="..\..\src\ballistica\platform\min_sdl.h">
      <Filter>ballistica\platform</Filter>
    </ClInclude>
    <ClCompile Include="..\..\src\ballistica\platform\platform.cc">
      <Filter>ballistica\platform</Filter>
    </ClCompile>
    <ClInclude Include="..\..\src\ballistica\platform\platform.h">
      <Filter>ballistica\platform</Filter>
    </ClInclude>
    <ClCompile Include="..\..\src\ballistica\platform\sdl\sdl_app.cc">
      <Filter>ballistica\platform\sdl</Filter>
    </ClCompile>
    <ClInclude Include="..\..\src\ballistica\platform\sdl\sdl_app.h">
      <Filter>ballistica\platform\sdl</Filter>
    </ClInclude>
    <ClCompile Include="..\..\src\ballistica\platform\windows\platform_windows.cc">
      <Filter>ballistica\platform\windows</Filter>
    </ClCompile>
    <ClInclude Include="..\..\src\ballistica\platform\windows\platform_windows.h">
      <Filter>ballistica\platform\windows</Filter>
    </ClInclude>
    <ClCompile Include="..\..\src\ballistica\python\class\python_class.cc">
      <Filter>ballistica\python\class</Filter>
    </ClCompile>
    <ClInclude Include="..\..\src\ballistica\python\class\python_class.h">
      <Filter>ballistica\python\class</Filter>
    </ClInclude>
    <ClCompile Include="..\..\src\ballistica\python\class\python_class_activity_data.cc">
      <Filter>ballistica\python\class</Filter>
    </ClCompile>
    <ClInclude Include="..\..\src\ballistica\python\class\python_class_activity_data.h">
      <Filter>ballistica\python\class</Filter>
    </ClInclude>
    <ClCompile Include="..\..\src\ballistica\python\class\python_class_collide_model.cc">
      <Filter>ballistica\python\class</Filter>
    </ClCompile>
    <ClInclude Include="..\..\src\ballistica\python\class\python_class_collide_model.h">
      <Filter>ballistica\python\class</Filter>
    </ClInclude>
    <ClCompile Include="..\..\src\ballistica\python\class\python_class_context.cc">
      <Filter>ballistica\python\class</Filter>
    </ClCompile>
    <ClInclude Include="..\..\src\ballistica\python\class\python_class_context.h">
      <Filter>ballistica\python\class</Filter>
    </ClInclude>
    <ClCompile Include="..\..\src\ballistica\python\class\python_class_context_call.cc">
      <Filter>ballistica\python\class</Filter>
    </ClCompile>
    <ClInclude Include="..\..\src\ballistica\python\class\python_class_context_call.h">
      <Filter>ballistica\python\class</Filter>
    </ClInclude>
    <ClCompile Include="..\..\src\ballistica\python\class\python_class_data.cc">
      <Filter>ballistica\python\class</Filter>
    </ClCompile>
    <ClInclude Include="..\..\src\ballistica\python\class\python_class_data.h">
      <Filter>ballistica\python\class</Filter>
    </ClInclude>
    <ClCompile Include="..\..\src\ballistica\python\class\python_class_input_device.cc">
      <Filter>ballistica\python\class</Filter>
    </ClCompile>
    <ClInclude Include="..\..\src\ballistica\python\class\python_class_input_device.h">
      <Filter>ballistica\python\class</Filter>
    </ClInclude>
    <ClCompile Include="..\..\src\ballistica\python\class\python_class_material.cc">
      <Filter>ballistica\python\class</Filter>
    </ClCompile>
    <ClInclude Include="..\..\src\ballistica\python\class\python_class_material.h">
      <Filter>ballistica\python\class</Filter>
    </ClInclude>
    <ClCompile Include="..\..\src\ballistica\python\class\python_class_model.cc">
      <Filter>ballistica\python\class</Filter>
    </ClCompile>
    <ClInclude Include="..\..\src\ballistica\python\class\python_class_model.h">
      <Filter>ballistica\python\class</Filter>
    </ClInclude>
    <ClCompile Include="..\..\src\ballistica\python\class\python_class_node.cc">
      <Filter>ballistica\python\class</Filter>
    </ClCompile>
    <ClInclude Include="..\..\src\ballistica\python\class\python_class_node.h">
      <Filter>ballistica\python\class</Filter>
    </ClInclude>
    <ClCompile Include="..\..\src\ballistica\python\class\python_class_session_data.cc">
      <Filter>ballistica\python\class</Filter>
    </ClCompile>
    <ClInclude Include="..\..\src\ballistica\python\class\python_class_session_data.h">
      <Filter>ballistica\python\class</Filter>
    </ClInclude>
    <ClCompile Include="..\..\src\ballistica\python\class\python_class_session_player.cc">
      <Filter>ballistica\python\class</Filter>
    </ClCompile>
    <ClInclude Include="..\..\src\ballistica\python\class\python_class_session_player.h">
      <Filter>ballistica\python\class</Filter>
    </ClInclude>
    <ClCompile Include="..\..\src\ballistica\python\class\python_class_sound.cc">
      <Filter>ballistica\python\class</Filter>
    </ClCompile>
    <ClInclude Include="..\..\src\ballistica\python\class\python_class_sound.h">
      <Filter>ballistica\python\class</Filter>
    </ClInclude>
    <ClCompile Include="..\..\src\ballistica\python\class\python_class_texture.cc">
      <Filter>ballistica\python\class</Filter>
    </ClCompile>
    <ClInclude Include="..\..\src\ballistica\python\class\python_class_texture.h">
      <Filter>ballistica\python\class</Filter>
    </ClInclude>
    <ClCompile Include="..\..\src\ballistica\python\class\python_class_timer.cc">
      <Filter>ballistica\python\class</Filter>
    </ClCompile>
    <ClInclude Include="..\..\src\ballistica\python\class\python_class_timer.h">
      <Filter>ballistica\python\class</Filter>
    </ClInclude>
    <ClCompile Include="..\..\src\ballistica\python\class\python_class_vec3.cc">
      <Filter>ballistica\python\class</Filter>
    </ClCompile>
    <ClInclude Include="..\..\src\ballistica\python\class\python_class_vec3.h">
      <Filter>ballistica\python\class</Filter>
    </ClInclude>
    <ClCompile Include="..\..\src\ballistica\python\class\python_class_widget.cc">
      <Filter>ballistica\python\class</Filter>
    </ClCompile>
    <ClInclude Include="..\..\src\ballistica\python\class\python_class_widget.h">
      <Filter>ballistica\python\class</Filter>
    </ClInclude>
    <ClCompile Include="..\..\src\ballistica\python\methods\python_methods_app.cc">
      <Filter>ballistica\python\methods</Filter>
    </ClCompile>
    <ClInclude Include="..\..\src\ballistica\python\methods\python_methods_app.h">
      <Filter>ballistica\python\methods</Filter>
    </ClInclude>
    <ClCompile Include="..\..\src\ballistica\python\methods\python_methods_gameplay.cc">
      <Filter>ballistica\python\methods</Filter>
    </ClCompile>
    <ClInclude Include="..\..\src\ballistica\python\methods\python_methods_gameplay.h">
      <Filter>ballistica\python\methods</Filter>
    </ClInclude>
    <ClCompile Include="..\..\src\ballistica\python\methods\python_methods_graphics.cc">
      <Filter>ballistica\python\methods</Filter>
    </ClCompile>
    <ClInclude Include="..\..\src\ballistica\python\methods\python_methods_graphics.h">
      <Filter>ballistica\python\methods</Filter>
    </ClInclude>
    <ClCompile Include="..\..\src\ballistica\python\methods\python_methods_input.cc">
      <Filter>ballistica\python\methods</Filter>
    </ClCompile>
    <ClInclude Include="..\..\src\ballistica\python\methods\python_methods_input.h">
      <Filter>ballistica\python\methods</Filter>
    </ClInclude>
    <ClCompile Include="..\..\src\ballistica\python\methods\python_methods_media.cc">
      <Filter>ballistica\python\methods</Filter>
    </ClCompile>
    <ClInclude Include="..\..\src\ballistica\python\methods\python_methods_media.h">
      <Filter>ballistica\python\methods</Filter>
    </ClInclude>
    <ClCompile Include="..\..\src\ballistica\python\methods\python_methods_networking.cc">
      <Filter>ballistica\python\methods</Filter>
    </ClCompile>
    <ClInclude Include="..\..\src\ballistica\python\methods\python_methods_networking.h">
      <Filter>ballistica\python\methods</Filter>
    </ClInclude>
    <ClCompile Include="..\..\src\ballistica\python\methods\python_methods_system.cc">
      <Filter>ballistica\python\methods</Filter>
    </ClCompile>
    <ClInclude Include="..\..\src\ballistica\python\methods\python_methods_system.h">
      <Filter>ballistica\python\methods</Filter>
    </ClInclude>
    <ClCompile Include="..\..\src\ballistica\python\methods\python_methods_ui.cc">
      <Filter>ballistica\python\methods</Filter>
    </ClCompile>
    <ClInclude Include="..\..\src\ballistica\python\methods\python_methods_ui.h">
      <Filter>ballistica\python\methods</Filter>
    </ClInclude>
    <ClCompile Include="..\..\src\ballistica\python\python.cc">
      <Filter>ballistica\python</Filter>
    </ClCompile>
    <ClInclude Include="..\..\src\ballistica\python\python.h">
      <Filter>ballistica\python</Filter>
    </ClInclude>
    <ClCompile Include="..\..\src\ballistica\python\python_command.cc">
      <Filter>ballistica\python</Filter>
    </ClCompile>
    <ClInclude Include="..\..\src\ballistica\python\python_command.h">
      <Filter>ballistica\python</Filter>
    </ClInclude>
    <ClCompile Include="..\..\src\ballistica\python\python_context_call.cc">
      <Filter>ballistica\python</Filter>
    </ClCompile>
    <ClInclude Include="..\..\src\ballistica\python\python_context_call.h">
      <Filter>ballistica\python</Filter>
    </ClInclude>
    <ClInclude Include="..\..\src\ballistica\python\python_context_call_runnable.h">
      <Filter>ballistica\python</Filter>
    </ClInclude>
    <ClCompile Include="..\..\src\ballistica\python\python_ref.cc">
      <Filter>ballistica\python</Filter>
    </ClCompile>
    <ClInclude Include="..\..\src\ballistica\python\python_ref.h">
      <Filter>ballistica\python</Filter>
    </ClInclude>
    <ClInclude Include="..\..\src\ballistica\python\python_sys.h">
      <Filter>ballistica\python</Filter>
    </ClInclude>
    <ClCompile Include="..\..\src\ballistica\scene\node\anim_curve_node.cc">
      <Filter>ballistica\scene\node</Filter>
    </ClCompile>
    <ClInclude Include="..\..\src\ballistica\scene\node\anim_curve_node.h">
      <Filter>ballistica\scene\node</Filter>
    </ClInclude>
    <ClCompile Include="..\..\src\ballistica\scene\node\bomb_node.cc">
      <Filter>ballistica\scene\node</Filter>
    </ClCompile>
    <ClInclude Include="..\..\src\ballistica\scene\node\bomb_node.h">
      <Filter>ballistica\scene\node</Filter>
    </ClInclude>
    <ClCompile Include="..\..\src\ballistica\scene\node\combine_node.cc">
      <Filter>ballistica\scene\node</Filter>
    </ClCompile>
    <ClInclude Include="..\..\src\ballistica\scene\node\combine_node.h">
      <Filter>ballistica\scene\node</Filter>
    </ClInclude>
    <ClCompile Include="..\..\src\ballistica\scene\node\explosion_node.cc">
      <Filter>ballistica\scene\node</Filter>
    </ClCompile>
    <ClInclude Include="..\..\src\ballistica\scene\node\explosion_node.h">
      <Filter>ballistica\scene\node</Filter>
    </ClInclude>
    <ClCompile Include="..\..\src\ballistica\scene\node\flag_node.cc">
      <Filter>ballistica\scene\node</Filter>
    </ClCompile>
    <ClInclude Include="..\..\src\ballistica\scene\node\flag_node.h">
      <Filter>ballistica\scene\node</Filter>
    </ClInclude>
    <ClCompile Include="..\..\src\ballistica\scene\node\flash_node.cc">
      <Filter>ballistica\scene\node</Filter>
    </ClCompile>
    <ClInclude Include="..\..\src\ballistica\scene\node\flash_node.h">
      <Filter>ballistica\scene\node</Filter>
    </ClInclude>
    <ClCompile Include="..\..\src\ballistica\scene\node\globals_node.cc">
      <Filter>ballistica\scene\node</Filter>
    </ClCompile>
    <ClInclude Include="..\..\src\ballistica\scene\node\globals_node.h">
      <Filter>ballistica\scene\node</Filter>
    </ClInclude>
    <ClCompile Include="..\..\src\ballistica\scene\node\image_node.cc">
      <Filter>ballistica\scene\node</Filter>
    </ClCompile>
    <ClInclude Include="..\..\src\ballistica\scene\node\image_node.h">
      <Filter>ballistica\scene\node</Filter>
    </ClInclude>
    <ClCompile Include="..\..\src\ballistica\scene\node\light_node.cc">
      <Filter>ballistica\scene\node</Filter>
    </ClCompile>
    <ClInclude Include="..\..\src\ballistica\scene\node\light_node.h">
      <Filter>ballistica\scene\node</Filter>
    </ClInclude>
    <ClCompile Include="..\..\src\ballistica\scene\node\locator_node.cc">
      <Filter>ballistica\scene\node</Filter>
    </ClCompile>
    <ClInclude Include="..\..\src\ballistica\scene\node\locator_node.h">
      <Filter>ballistica\scene\node</Filter>
    </ClInclude>
    <ClCompile Include="..\..\src\ballistica\scene\node\math_node.cc">
      <Filter>ballistica\scene\node</Filter>
    </ClCompile>
    <ClInclude Include="..\..\src\ballistica\scene\node\math_node.h">
      <Filter>ballistica\scene\node</Filter>
    </ClInclude>
    <ClCompile Include="..\..\src\ballistica\scene\node\node.cc">
      <Filter>ballistica\scene\node</Filter>
    </ClCompile>
    <ClInclude Include="..\..\src\ballistica\scene\node\node.h">
      <Filter>ballistica\scene\node</Filter>
    </ClInclude>
    <ClCompile Include="..\..\src\ballistica\scene\node\node_attribute.cc">
      <Filter>ballistica\scene\node</Filter>
    </ClCompile>
    <ClInclude Include="..\..\src\ballistica\scene\node\node_attribute.h">
      <Filter>ballistica\scene\node</Filter>
    </ClInclude>
    <ClCompile Include="..\..\src\ballistica\scene\node\node_attribute_connection.cc">
      <Filter>ballistica\scene\node</Filter>
    </ClCompile>
    <ClInclude Include="..\..\src\ballistica\scene\node\node_attribute_connection.h">
      <Filter>ballistica\scene\node</Filter>
    </ClInclude>
    <ClInclude Include="..\..\src\ballistica\scene\node\node_type.h">
      <Filter>ballistica\scene\node</Filter>
    </ClInclude>
    <ClCompile Include="..\..\src\ballistica\scene\node\null_node.cc">
      <Filter>ballistica\scene\node</Filter>
    </ClCompile>
    <ClInclude Include="..\..\src\ballistica\scene\node\null_node.h">
      <Filter>ballistica\scene\node</Filter>
    </ClInclude>
    <ClCompile Include="..\..\src\ballistica\scene\node\player_node.cc">
      <Filter>ballistica\scene\node</Filter>
    </ClCompile>
    <ClInclude Include="..\..\src\ballistica\scene\node\player_node.h">
      <Filter>ballistica\scene\node</Filter>
    </ClInclude>
    <ClCompile Include="..\..\src\ballistica\scene\node\prop_node.cc">
      <Filter>ballistica\scene\node</Filter>
    </ClCompile>
    <ClInclude Include="..\..\src\ballistica\scene\node\prop_node.h">
      <Filter>ballistica\scene\node</Filter>
    </ClInclude>
    <ClCompile Include="..\..\src\ballistica\scene\node\region_node.cc">
      <Filter>ballistica\scene\node</Filter>
    </ClCompile>
    <ClInclude Include="..\..\src\ballistica\scene\node\region_node.h">
      <Filter>ballistica\scene\node</Filter>
    </ClInclude>
    <ClCompile Include="..\..\src\ballistica\scene\node\scorch_node.cc">
      <Filter>ballistica\scene\node</Filter>
    </ClCompile>
    <ClInclude Include="..\..\src\ballistica\scene\node\scorch_node.h">
      <Filter>ballistica\scene\node</Filter>
    </ClInclude>
    <ClCompile Include="..\..\src\ballistica\scene\node\session_globals_node.cc">
      <Filter>ballistica\scene\node</Filter>
    </ClCompile>
    <ClInclude Include="..\..\src\ballistica\scene\node\session_globals_node.h">
      <Filter>ballistica\scene\node</Filter>
    </ClInclude>
    <ClCompile Include="..\..\src\ballistica\scene\node\shield_node.cc">
      <Filter>ballistica\scene\node</Filter>
    </ClCompile>
    <ClInclude Include="..\..\src\ballistica\scene\node\shield_node.h">
      <Filter>ballistica\scene\node</Filter>
    </ClInclude>
    <ClCompile Include="..\..\src\ballistica\scene\node\sound_node.cc">
      <Filter>ballistica\scene\node</Filter>
    </ClCompile>
    <ClInclude Include="..\..\src\ballistica\scene\node\sound_node.h">
      <Filter>ballistica\scene\node</Filter>
    </ClInclude>
    <ClCompile Include="..\..\src\ballistica\scene\node\spaz_node.cc">
      <Filter>ballistica\scene\node</Filter>
    </ClCompile>
    <ClInclude Include="..\..\src\ballistica\scene\node\spaz_node.h">
      <Filter>ballistica\scene\node</Filter>
    </ClInclude>
    <ClCompile Include="..\..\src\ballistica\scene\node\terrain_node.cc">
      <Filter>ballistica\scene\node</Filter>
    </ClCompile>
    <ClInclude Include="..\..\src\ballistica\scene\node\terrain_node.h">
      <Filter>ballistica\scene\node</Filter>
    </ClInclude>
    <ClCompile Include="..\..\src\ballistica\scene\node\text_node.cc">
      <Filter>ballistica\scene\node</Filter>
    </ClCompile>
    <ClInclude Include="..\..\src\ballistica\scene\node\text_node.h">
      <Filter>ballistica\scene\node</Filter>
    </ClInclude>
    <ClCompile Include="..\..\src\ballistica\scene\node\texture_sequence_node.cc">
      <Filter>ballistica\scene\node</Filter>
    </ClCompile>
    <ClInclude Include="..\..\src\ballistica\scene\node\texture_sequence_node.h">
      <Filter>ballistica\scene\node</Filter>
    </ClInclude>
    <ClCompile Include="..\..\src\ballistica\scene\node\time_display_node.cc">
      <Filter>ballistica\scene\node</Filter>
    </ClCompile>
    <ClInclude Include="..\..\src\ballistica\scene\node\time_display_node.h">
      <Filter>ballistica\scene\node</Filter>
    </ClInclude>
    <ClCompile Include="..\..\src\ballistica\scene\scene.cc">
      <Filter>ballistica\scene</Filter>
    </ClCompile>
    <ClInclude Include="..\..\src\ballistica\scene\scene.h">
      <Filter>ballistica\scene</Filter>
    </ClInclude>
    <ClCompile Include="..\..\src\ballistica\ui\console.cc">
      <Filter>ballistica\ui</Filter>
    </ClCompile>
    <ClInclude Include="..\..\src\ballistica\ui\console.h">
      <Filter>ballistica\ui</Filter>
    </ClInclude>
    <ClCompile Include="..\..\src\ballistica\ui\root_ui.cc">
      <Filter>ballistica\ui</Filter>
    </ClCompile>
    <ClInclude Include="..\..\src\ballistica\ui\root_ui.h">
      <Filter>ballistica\ui</Filter>
    </ClInclude>
    <ClCompile Include="..\..\src\ballistica\ui\ui.cc">
      <Filter>ballistica\ui</Filter>
    </ClCompile>
    <ClInclude Include="..\..\src\ballistica\ui\ui.h">
      <Filter>ballistica\ui</Filter>
    </ClInclude>
    <ClCompile Include="..\..\src\ballistica\ui\widget\button_widget.cc">
      <Filter>ballistica\ui\widget</Filter>
    </ClCompile>
    <ClInclude Include="..\..\src\ballistica\ui\widget\button_widget.h">
      <Filter>ballistica\ui\widget</Filter>
    </ClInclude>
    <ClCompile Include="..\..\src\ballistica\ui\widget\check_box_widget.cc">
      <Filter>ballistica\ui\widget</Filter>
    </ClCompile>
    <ClInclude Include="..\..\src\ballistica\ui\widget\check_box_widget.h">
      <Filter>ballistica\ui\widget</Filter>
    </ClInclude>
    <ClCompile Include="..\..\src\ballistica\ui\widget\column_widget.cc">
      <Filter>ballistica\ui\widget</Filter>
    </ClCompile>
    <ClInclude Include="..\..\src\ballistica\ui\widget\column_widget.h">
      <Filter>ballistica\ui\widget</Filter>
    </ClInclude>
    <ClCompile Include="..\..\src\ballistica\ui\widget\container_widget.cc">
      <Filter>ballistica\ui\widget</Filter>
    </ClCompile>
    <ClInclude Include="..\..\src\ballistica\ui\widget\container_widget.h">
      <Filter>ballistica\ui\widget</Filter>
    </ClInclude>
    <ClCompile Include="..\..\src\ballistica\ui\widget\h_scroll_widget.cc">
      <Filter>ballistica\ui\widget</Filter>
    </ClCompile>
    <ClInclude Include="..\..\src\ballistica\ui\widget\h_scroll_widget.h">
      <Filter>ballistica\ui\widget</Filter>
    </ClInclude>
    <ClCompile Include="..\..\src\ballistica\ui\widget\image_widget.cc">
      <Filter>ballistica\ui\widget</Filter>
    </ClCompile>
    <ClInclude Include="..\..\src\ballistica\ui\widget\image_widget.h">
      <Filter>ballistica\ui\widget</Filter>
    </ClInclude>
    <ClCompile Include="..\..\src\ballistica\ui\widget\root_widget.cc">
      <Filter>ballistica\ui\widget</Filter>
    </ClCompile>
    <ClInclude Include="..\..\src\ballistica\ui\widget\root_widget.h">
      <Filter>ballistica\ui\widget</Filter>
    </ClInclude>
    <ClCompile Include="..\..\src\ballistica\ui\widget\row_widget.cc">
      <Filter>ballistica\ui\widget</Filter>
    </ClCompile>
    <ClInclude Include="..\..\src\ballistica\ui\widget\row_widget.h">
      <Filter>ballistica\ui\widget</Filter>
    </ClInclude>
    <ClCompile Include="..\..\src\ballistica\ui\widget\scroll_widget.cc">
      <Filter>ballistica\ui\widget</Filter>
    </ClCompile>
    <ClInclude Include="..\..\src\ballistica\ui\widget\scroll_widget.h">
      <Filter>ballistica\ui\widget</Filter>
    </ClInclude>
    <ClCompile Include="..\..\src\ballistica\ui\widget\stack_widget.cc">
      <Filter>ballistica\ui\widget</Filter>
    </ClCompile>
    <ClInclude Include="..\..\src\ballistica\ui\widget\stack_widget.h">
      <Filter>ballistica\ui\widget</Filter>
    </ClInclude>
    <ClCompile Include="..\..\src\ballistica\ui\widget\text_widget.cc">
      <Filter>ballistica\ui\widget</Filter>
    </ClCompile>
    <ClInclude Include="..\..\src\ballistica\ui\widget\text_widget.h">
      <Filter>ballistica\ui\widget</Filter>
    </ClInclude>
    <ClCompile Include="..\..\src\ballistica\ui\widget\widget.cc">
      <Filter>ballistica\ui\widget</Filter>
    </ClCompile>
    <ClInclude Include="..\..\src\ballistica\ui\widget\widget.h">
      <Filter>ballistica\ui\widget</Filter>
    </ClInclude>
    <ClCompile Include="..\..\src\external\open_dynamics_engine-ef\ode\IceAABB.cpp">
      <Filter>external\open_dynamics_engine-ef\ode</Filter>
    </ClCompile>
    <ClCompile Include="..\..\src\external\open_dynamics_engine-ef\ode\IceContainer.cpp">
      <Filter>external\open_dynamics_engine-ef\ode</Filter>
    </ClCompile>
    <ClCompile Include="..\..\src\external\open_dynamics_engine-ef\ode\IceHPoint.cpp">
      <Filter>external\open_dynamics_engine-ef\ode</Filter>
    </ClCompile>
    <ClCompile Include="..\..\src\external\open_dynamics_engine-ef\ode\IceIndexedTriangle.cpp">
      <Filter>external\open_dynamics_engine-ef\ode</Filter>
    </ClCompile>
    <ClCompile Include="..\..\src\external\open_dynamics_engine-ef\ode\IceMatrix3x3.cpp">
      <Filter>external\open_dynamics_engine-ef\ode</Filter>
    </ClCompile>
    <ClCompile Include="..\..\src\external\open_dynamics_engine-ef\ode\IceMatrix4x4.cpp">
      <Filter>external\open_dynamics_engine-ef\ode</Filter>
    </ClCompile>
    <ClCompile Include="..\..\src\external\open_dynamics_engine-ef\ode\IceOBB.cpp">
      <Filter>external\open_dynamics_engine-ef\ode</Filter>
    </ClCompile>
    <ClCompile Include="..\..\src\external\open_dynamics_engine-ef\ode\IcePlane.cpp">
      <Filter>external\open_dynamics_engine-ef\ode</Filter>
    </ClCompile>
    <ClCompile Include="..\..\src\external\open_dynamics_engine-ef\ode\IcePoint.cpp">
      <Filter>external\open_dynamics_engine-ef\ode</Filter>
    </ClCompile>
    <ClCompile Include="..\..\src\external\open_dynamics_engine-ef\ode\IceRandom.cpp">
      <Filter>external\open_dynamics_engine-ef\ode</Filter>
    </ClCompile>
    <ClCompile Include="..\..\src\external\open_dynamics_engine-ef\ode\IceRay.cpp">
      <Filter>external\open_dynamics_engine-ef\ode</Filter>
    </ClCompile>
    <ClCompile Include="..\..\src\external\open_dynamics_engine-ef\ode\IceRevisitedRadix.cpp">
      <Filter>external\open_dynamics_engine-ef\ode</Filter>
    </ClCompile>
    <ClCompile Include="..\..\src\external\open_dynamics_engine-ef\ode\IceSegment.cpp">
      <Filter>external\open_dynamics_engine-ef\ode</Filter>
    </ClCompile>
    <ClCompile Include="..\..\src\external\open_dynamics_engine-ef\ode\IceTriangle.cpp">
      <Filter>external\open_dynamics_engine-ef\ode</Filter>
    </ClCompile>
    <ClCompile Include="..\..\src\external\open_dynamics_engine-ef\ode\IceUtils.cpp">
      <Filter>external\open_dynamics_engine-ef\ode</Filter>
    </ClCompile>
    <ClCompile Include="..\..\src\external\open_dynamics_engine-ef\ode\ode.cpp">
      <Filter>external\open_dynamics_engine-ef\ode</Filter>
    </ClCompile>
    <ClCompile Include="..\..\src\external\open_dynamics_engine-ef\ode\ode_array.cpp">
      <Filter>external\open_dynamics_engine-ef\ode</Filter>
    </ClCompile>
    <ClCompile Include="..\..\src\external\open_dynamics_engine-ef\ode\ode_collision_cylinder_box.cpp">
      <Filter>external\open_dynamics_engine-ef\ode</Filter>
    </ClCompile>
    <ClCompile Include="..\..\src\external\open_dynamics_engine-ef\ode\ode_collision_cylinder_plane.cpp">
      <Filter>external\open_dynamics_engine-ef\ode</Filter>
    </ClCompile>
    <ClCompile Include="..\..\src\external\open_dynamics_engine-ef\ode\ode_collision_cylinder_sphere.cpp">
      <Filter>external\open_dynamics_engine-ef\ode</Filter>
    </ClCompile>
    <ClCompile Include="..\..\src\external\open_dynamics_engine-ef\ode\ode_collision_cylinder_trimesh.cpp">
      <Filter>external\open_dynamics_engine-ef\ode</Filter>
    </ClCompile>
    <ClCompile Include="..\..\src\external\open_dynamics_engine-ef\ode\ode_collision_kernel.cpp">
      <Filter>external\open_dynamics_engine-ef\ode</Filter>
    </ClCompile>
    <ClCompile Include="..\..\src\external\open_dynamics_engine-ef\ode\ode_collision_quadtreespace.cpp">
      <Filter>external\open_dynamics_engine-ef\ode</Filter>
    </ClCompile>
    <ClCompile Include="..\..\src\external\open_dynamics_engine-ef\ode\ode_collision_sapspace.cpp">
      <Filter>external\open_dynamics_engine-ef\ode</Filter>
    </ClCompile>
    <ClCompile Include="..\..\src\external\open_dynamics_engine-ef\ode\ode_collision_space.cpp">
      <Filter>external\open_dynamics_engine-ef\ode</Filter>
    </ClCompile>
    <ClCompile Include="..\..\src\external\open_dynamics_engine-ef\ode\ode_collision_std.cpp">
      <Filter>external\open_dynamics_engine-ef\ode</Filter>
    </ClCompile>
    <ClCompile Include="..\..\src\external\open_dynamics_engine-ef\ode\ode_collision_transform.cpp">
      <Filter>external\open_dynamics_engine-ef\ode</Filter>
    </ClCompile>
    <ClCompile Include="..\..\src\external\open_dynamics_engine-ef\ode\ode_collision_trimesh.cpp">
      <Filter>external\open_dynamics_engine-ef\ode</Filter>
    </ClCompile>
    <ClCompile Include="..\..\src\external\open_dynamics_engine-ef\ode\ode_collision_trimesh_box.cpp">
      <Filter>external\open_dynamics_engine-ef\ode</Filter>
    </ClCompile>
    <ClCompile Include="..\..\src\external\open_dynamics_engine-ef\ode\ode_collision_trimesh_ccylinder.cpp">
      <Filter>external\open_dynamics_engine-ef\ode</Filter>
    </ClCompile>
    <ClCompile Include="..\..\src\external\open_dynamics_engine-ef\ode\ode_collision_trimesh_distance.cpp">
      <Filter>external\open_dynamics_engine-ef\ode</Filter>
    </ClCompile>
    <ClCompile Include="..\..\src\external\open_dynamics_engine-ef\ode\ode_collision_trimesh_plane.cpp">
      <Filter>external\open_dynamics_engine-ef\ode</Filter>
    </ClCompile>
    <ClCompile Include="..\..\src\external\open_dynamics_engine-ef\ode\ode_collision_trimesh_ray.cpp">
      <Filter>external\open_dynamics_engine-ef\ode</Filter>
    </ClCompile>
    <ClCompile Include="..\..\src\external\open_dynamics_engine-ef\ode\ode_collision_trimesh_sphere.cpp">
      <Filter>external\open_dynamics_engine-ef\ode</Filter>
    </ClCompile>
    <ClCompile Include="..\..\src\external\open_dynamics_engine-ef\ode\ode_collision_trimesh_trimesh.cpp">
      <Filter>external\open_dynamics_engine-ef\ode</Filter>
    </ClCompile>
    <ClCompile Include="..\..\src\external\open_dynamics_engine-ef\ode\ode_collision_util.cpp">
      <Filter>external\open_dynamics_engine-ef\ode</Filter>
    </ClCompile>
    <ClCompile Include="..\..\src\external\open_dynamics_engine-ef\ode\ode_error.cpp">
      <Filter>external\open_dynamics_engine-ef\ode</Filter>
    </ClCompile>
    <ClCompile Include="..\..\src\external\open_dynamics_engine-ef\ode\ode_export-diff.cpp">
      <Filter>external\open_dynamics_engine-ef\ode</Filter>
    </ClCompile>
    <ClCompile Include="..\..\src\external\open_dynamics_engine-ef\ode\ode_fastdot.cpp">
      <Filter>external\open_dynamics_engine-ef\ode</Filter>
    </ClCompile>
    <ClCompile Include="..\..\src\external\open_dynamics_engine-ef\ode\ode_fastldlt.cpp">
      <Filter>external\open_dynamics_engine-ef\ode</Filter>
    </ClCompile>
    <ClCompile Include="..\..\src\external\open_dynamics_engine-ef\ode\ode_fastlsolve.cpp">
      <Filter>external\open_dynamics_engine-ef\ode</Filter>
    </ClCompile>
    <ClCompile Include="..\..\src\external\open_dynamics_engine-ef\ode\ode_fastltsolve.cpp">
      <Filter>external\open_dynamics_engine-ef\ode</Filter>
    </ClCompile>
    <ClCompile Include="..\..\src\external\open_dynamics_engine-ef\ode\ode_joint.cpp">
      <Filter>external\open_dynamics_engine-ef\ode</Filter>
    </ClCompile>
    <ClCompile Include="..\..\src\external\open_dynamics_engine-ef\ode\ode_lcp.cpp">
      <Filter>external\open_dynamics_engine-ef\ode</Filter>
    </ClCompile>
    <ClCompile Include="..\..\src\external\open_dynamics_engine-ef\ode\ode_mass.cpp">
      <Filter>external\open_dynamics_engine-ef\ode</Filter>
    </ClCompile>
    <ClCompile Include="..\..\src\external\open_dynamics_engine-ef\ode\ode_mat.cpp">
      <Filter>external\open_dynamics_engine-ef\ode</Filter>
    </ClCompile>
    <ClCompile Include="..\..\src\external\open_dynamics_engine-ef\ode\ode_math.cpp">
      <Filter>external\open_dynamics_engine-ef\ode</Filter>
    </ClCompile>
    <ClCompile Include="..\..\src\external\open_dynamics_engine-ef\ode\ode_matrix.cpp">
      <Filter>external\open_dynamics_engine-ef\ode</Filter>
    </ClCompile>
    <ClCompile Include="..\..\src\external\open_dynamics_engine-ef\ode\ode_memory.cpp">
      <Filter>external\open_dynamics_engine-ef\ode</Filter>
    </ClCompile>
    <ClCompile Include="..\..\src\external\open_dynamics_engine-ef\ode\ode_misc.cpp">
      <Filter>external\open_dynamics_engine-ef\ode</Filter>
    </ClCompile>
    <ClCompile Include="..\..\src\external\open_dynamics_engine-ef\ode\ode_obstack.cpp">
      <Filter>external\open_dynamics_engine-ef\ode</Filter>
    </ClCompile>
    <ClCompile Include="..\..\src\external\open_dynamics_engine-ef\ode\ode_quickstep.cpp">
      <Filter>external\open_dynamics_engine-ef\ode</Filter>
    </ClCompile>
    <ClCompile Include="..\..\src\external\open_dynamics_engine-ef\ode\ode_rotation.cpp">
      <Filter>external\open_dynamics_engine-ef\ode</Filter>
    </ClCompile>
    <ClCompile Include="..\..\src\external\open_dynamics_engine-ef\ode\ode_step.cpp">
      <Filter>external\open_dynamics_engine-ef\ode</Filter>
    </ClCompile>
    <ClCompile Include="..\..\src\external\open_dynamics_engine-ef\ode\ode_stepfast.cpp">
      <Filter>external\open_dynamics_engine-ef\ode</Filter>
    </ClCompile>
    <ClCompile Include="..\..\src\external\open_dynamics_engine-ef\ode\ode_timer.cpp">
      <Filter>external\open_dynamics_engine-ef\ode</Filter>
    </ClCompile>
    <ClCompile Include="..\..\src\external\open_dynamics_engine-ef\ode\ode_util.cpp">
      <Filter>external\open_dynamics_engine-ef\ode</Filter>
    </ClCompile>
    <ClCompile Include="..\..\src\external\open_dynamics_engine-ef\ode\Opcode.cpp">
      <Filter>external\open_dynamics_engine-ef\ode</Filter>
    </ClCompile>
    <ClCompile Include="..\..\src\external\open_dynamics_engine-ef\ode\OPC_AABBCollider.cpp">
      <Filter>external\open_dynamics_engine-ef\ode</Filter>
    </ClCompile>
    <ClCompile Include="..\..\src\external\open_dynamics_engine-ef\ode\OPC_AABBTree.cpp">
      <Filter>external\open_dynamics_engine-ef\ode</Filter>
    </ClCompile>
    <ClCompile Include="..\..\src\external\open_dynamics_engine-ef\ode\OPC_BaseModel.cpp">
      <Filter>external\open_dynamics_engine-ef\ode</Filter>
    </ClCompile>
    <ClCompile Include="..\..\src\external\open_dynamics_engine-ef\ode\OPC_BoxPruning.cpp">
      <Filter>external\open_dynamics_engine-ef\ode</Filter>
    </ClCompile>
    <ClCompile Include="..\..\src\external\open_dynamics_engine-ef\ode\OPC_Collider.cpp">
      <Filter>external\open_dynamics_engine-ef\ode</Filter>
    </ClCompile>
    <ClCompile Include="..\..\src\external\open_dynamics_engine-ef\ode\OPC_LSSCollider.cpp">
      <Filter>external\open_dynamics_engine-ef\ode</Filter>
    </ClCompile>
    <ClCompile Include="..\..\src\external\open_dynamics_engine-ef\ode\OPC_MeshInterface.cpp">
      <Filter>external\open_dynamics_engine-ef\ode</Filter>
    </ClCompile>
    <ClCompile Include="..\..\src\external\open_dynamics_engine-ef\ode\OPC_Model.cpp">
      <Filter>external\open_dynamics_engine-ef\ode</Filter>
    </ClCompile>
    <ClCompile Include="..\..\src\external\open_dynamics_engine-ef\ode\OPC_OBBCollider.cpp">
      <Filter>external\open_dynamics_engine-ef\ode</Filter>
    </ClCompile>
    <ClCompile Include="..\..\src\external\open_dynamics_engine-ef\ode\OPC_OptimizedTree.cpp">
      <Filter>external\open_dynamics_engine-ef\ode</Filter>
    </ClCompile>
    <ClCompile Include="..\..\src\external\open_dynamics_engine-ef\ode\OPC_Picking.cpp">
      <Filter>external\open_dynamics_engine-ef\ode</Filter>
    </ClCompile>
    <ClCompile Include="..\..\src\external\open_dynamics_engine-ef\ode\OPC_PlanesCollider.cpp">
      <Filter>external\open_dynamics_engine-ef\ode</Filter>
    </ClCompile>
    <ClCompile Include="..\..\src\external\open_dynamics_engine-ef\ode\OPC_RayCollider.cpp">
      <Filter>external\open_dynamics_engine-ef\ode</Filter>
    </ClCompile>
    <ClCompile Include="..\..\src\external\open_dynamics_engine-ef\ode\OPC_SphereCollider.cpp">
      <Filter>external\open_dynamics_engine-ef\ode</Filter>
    </ClCompile>
    <ClCompile Include="..\..\src\external\open_dynamics_engine-ef\ode\OPC_SweepAndPrune.cpp">
      <Filter>external\open_dynamics_engine-ef\ode</Filter>
    </ClCompile>
    <ClCompile Include="..\..\src\external\open_dynamics_engine-ef\ode\OPC_TreeBuilders.cpp">
      <Filter>external\open_dynamics_engine-ef\ode</Filter>
    </ClCompile>
    <ClCompile Include="..\..\src\external\open_dynamics_engine-ef\ode\OPC_TreeCollider.cpp">
      <Filter>external\open_dynamics_engine-ef\ode</Filter>
    </ClCompile>
    <ClCompile Include="..\..\src\external\open_dynamics_engine-ef\ode\OPC_VolumeCollider.cpp">
      <Filter>external\open_dynamics_engine-ef\ode</Filter>
    </ClCompile>
    <ClCompile Include="..\..\src\external\qr_code_generator\QrCode.cpp">
      <Filter>external\qr_code_generator</Filter>
    </ClCompile>
  </ItemGroup>
  <ItemGroup>
    <Filter Include="ballistica" />
    <Filter Include="ballistica\app" />
    <Filter Include="ballistica\audio" />
    <Filter Include="ballistica\config" />
    <Filter Include="ballistica\core" />
    <Filter Include="ballistica\dynamics" />
    <Filter Include="ballistica\dynamics\bg" />
    <Filter Include="ballistica\dynamics\material" />
    <Filter Include="ballistica\game" />
    <Filter Include="ballistica\game\connection" />
    <Filter Include="ballistica\game\session" />
    <Filter Include="ballistica\generic" />
    <Filter Include="ballistica\graphics" />
    <Filter Include="ballistica\graphics\component" />
    <Filter Include="ballistica\graphics\gl" />
    <Filter Include="ballistica\graphics\mesh" />
    <Filter Include="ballistica\graphics\text" />
    <Filter Include="ballistica\graphics\texture" />
    <Filter Include="ballistica\input" />
    <Filter Include="ballistica\input\device" />
    <Filter Include="ballistica\math" />
    <Filter Include="ballistica\media" />
    <Filter Include="ballistica\media\component" />
    <Filter Include="ballistica\media\data" />
    <Filter Include="ballistica\networking" />
    <Filter Include="ballistica\platform" />
    <Filter Include="ballistica\platform\apple" />
    <Filter Include="ballistica\platform\linux" />
    <Filter Include="ballistica\platform\sdl" />
    <Filter Include="ballistica\platform\windows" />
    <Filter Include="ballistica\python" />
    <Filter Include="ballistica\python\class" />
    <Filter Include="ballistica\python\methods" />
    <Filter Include="ballistica\scene" />
    <Filter Include="ballistica\scene\node" />
    <Filter Include="ballistica\ui" />
    <Filter Include="ballistica\ui\widget" />
    <Filter Include="external" />
    <Filter Include="external\open_dynamics_engine-ef" />
    <Filter Include="external\open_dynamics_engine-ef\ode" />
    <Filter Include="external\qr_code_generator" />
  </ItemGroup>
</Project>
